# THIS IS AN AUTOGENERATED FILE. DO NOT EDIT THIS FILE DIRECTLY.
# yarn lockfile v1


browser-resolve@^1.11.0:
  version "1.11.2"
  resolved "http://registry.npm.taobao.org/browser-resolve/download/browser-resolve-1.11.2.tgz#8ff09b0a2c421718a1051c260b32e48f442938ce"
  dependencies:
    resolve "1.1.7"

builtin-modules@^1.1.0:
  version "1.1.1"
  resolved "http://registry.npm.taobao.org/builtin-modules/download/builtin-modules-1.1.1.tgz#270f076c5a72c02f5b65a47df94c5fe3a278892f"

is-module@^1.0.0:
  version "1.0.0"
  resolved "http://registry.npm.taobao.org/is-module/download/is-module-1.0.0.tgz#3258fb69f78c14d5b815d664336b4cffb6441591"

path-parse@^1.0.5:
  version "1.0.5"
  resolved "http://registry.npm.taobao.org/path-parse/download/path-parse-1.0.5.tgz#3c1adf871ea9cd6c9431b6ea2bd74a0ff055c4c1"

resolve@1.1.7:
  version "1.1.7"
  resolved "http://registry.npm.taobao.org/resolve/download/resolve-1.1.7.tgz#203114d82ad2c5ed9e8e0411b3932875e889e97b"

resolve@^1.1.6:
  version "1.5.0"
  resolved "http://registry.npm.taobao.org/resolve/download/resolve-1.5.0.tgz#1f09acce796c9a762579f31b2c1cc4c3cddf9f36"
  dependencies:
    path-parse "^1.0.5"

rollup-plugin-node-resolve@^3.0.0:
  version "3.0.0"
  resolved "http://registry.npm.taobao.org/rollup-plugin-node-resolve/download/rollup-plugin-node-resolve-3.0.0.tgz#8b897c4c3030d5001277b0514b25d2ca09683ee0"
  dependencies:
    browser-resolve "^1.11.0"
    builtin-modules "^1.1.0"
    is-module "^1.0.0"
    resolve "^1.1.6"

rollup@^0.53.3:
  version "0.53.3"
  resolved "http://registry.npm.taobao.org/rollup/download/rollup-0.53.3.tgz#e7b6777623df912bd0ca30dc24be791d6ebc8e5a"

typescript@^2.6.2:
  version "2.6.2"
  resolved "http://registry.npm.taobao.org/typescript/download/typescript-2.6.2.tgz#3c5b6fd7f6de0914269027f03c0946758f7673a4"
